
Microsoft Visual Studio Solution File, Format Version 12.00
# Visual Studio Version 16
VisualStudioVersion = 16.0.30523.141
MinimumVisualStudioVersion = 10.0.40219.1
Project("{FAE04EC0-301F-11D3-BF4B-00C04F79EFBC}") = "pool1.1", "pool1.1.csproj", "{2C4D3858-0417-4250-960E-18594CA46CCB}"
EndProject
Global
	GlobalSection(SolutionConfigurationPlatforms) = preSolution
		Debug|Any CPU = Debug|Any CPU
		Release|Any CPU = Release|Any CPU
	EndGlobalSection
	GlobalSection(ProjectConfigurationPlatforms) = postSolution
		{2C4D3858-0417-4250-960E-18594CA46CCB}.Debug|Any CPU.ActiveCfg = Debug|Any CPU
		{2C4D3858-0417-4250-960E-18594CA46CCB}.Debug|Any CPU.Build.0 = Debug|Any CPU
		{2C4D3858-0417-4250-960E-18594CA46CCB}.Release|Any CPU.ActiveCfg = Release|Any CPU
		{2C4D3858-0417-4250-960E-18594CA46CCB}.Release|Any CPU.Build.0 = Release|Any CPU
	EndGlobalSection
	GlobalSection(SolutionProperties) = preSolution
		HideSolutionNode = FALSE
	EndGlobalSection
	GlobalSection(ExtensibilityGlobals) = postSolution
		SolutionGuid = {78EDAC71-49E0-4EA4-87DD-D42FD2FF7B83}
	EndGlobalSection
EndGlobal
