
Microsoft Visual Studio Solution File, Format Version 12.00
# Visual Studio Version 16
VisualStudioVersion = 16.0.30523.141
MinimumVisualStudioVersion = 10.0.40219.1
Project("{FAE04EC0-301F-11D3-BF4B-00C04F79EFBC}") = "pool2.12", "pool2.12.csproj", "{DC1C5B4C-C4A4-4A9B-A381-ADBBC7B8B660}"
EndProject
Global
	GlobalSection(SolutionConfigurationPlatforms) = preSolution
		Debug|Any CPU = Debug|Any CPU
		Release|Any CPU = Release|Any CPU
	EndGlobalSection
	GlobalSection(ProjectConfigurationPlatforms) = postSolution
		{DC1C5B4C-C4A4-4A9B-A381-ADBBC7B8B660}.Debug|Any CPU.ActiveCfg = Debug|Any CPU
		{DC1C5B4C-C4A4-4A9B-A381-ADBBC7B8B660}.Debug|Any CPU.Build.0 = Debug|Any CPU
		{DC1C5B4C-C4A4-4A9B-A381-ADBBC7B8B660}.Release|Any CPU.ActiveCfg = Release|Any CPU
		{DC1C5B4C-C4A4-4A9B-A381-ADBBC7B8B660}.Release|Any CPU.Build.0 = Release|Any CPU
	EndGlobalSection
	GlobalSection(SolutionProperties) = preSolution
		HideSolutionNode = FALSE
	EndGlobalSection
	GlobalSection(ExtensibilityGlobals) = postSolution
		SolutionGuid = {21E534D9-87B5-4418-AD4E-648F33EA7CC2}
	EndGlobalSection
EndGlobal
