
Microsoft Visual Studio Solution File, Format Version 12.00
# Visual Studio Version 16
VisualStudioVersion = 16.0.30523.141
MinimumVisualStudioVersion = 10.0.40219.1
Project("{FAE04EC0-301F-11D3-BF4B-00C04F79EFBC}") = "pool2.11", "pool2.11.csproj", "{E98D5AE8-3FB4-4BA1-BFBC-C5082B097AE8}"
EndProject
Global
	GlobalSection(SolutionConfigurationPlatforms) = preSolution
		Debug|Any CPU = Debug|Any CPU
		Release|Any CPU = Release|Any CPU
	EndGlobalSection
	GlobalSection(ProjectConfigurationPlatforms) = postSolution
		{E98D5AE8-3FB4-4BA1-BFBC-C5082B097AE8}.Debug|Any CPU.ActiveCfg = Debug|Any CPU
		{E98D5AE8-3FB4-4BA1-BFBC-C5082B097AE8}.Debug|Any CPU.Build.0 = Debug|Any CPU
		{E98D5AE8-3FB4-4BA1-BFBC-C5082B097AE8}.Release|Any CPU.ActiveCfg = Release|Any CPU
		{E98D5AE8-3FB4-4BA1-BFBC-C5082B097AE8}.Release|Any CPU.Build.0 = Release|Any CPU
	EndGlobalSection
	GlobalSection(SolutionProperties) = preSolution
		HideSolutionNode = FALSE
	EndGlobalSection
	GlobalSection(ExtensibilityGlobals) = postSolution
		SolutionGuid = {498C192A-AB56-4C89-A3A2-788A8A7B852F}
	EndGlobalSection
EndGlobal
