
Microsoft Visual Studio Solution File, Format Version 12.00
# Visual Studio Version 16
VisualStudioVersion = 16.0.30523.141
MinimumVisualStudioVersion = 10.0.40219.1
Project("{FAE04EC0-301F-11D3-BF4B-00C04F79EFBC}") = "pool3.5", "pool3.5.csproj", "{0E3ABEB4-7A1F-49F1-A87B-33692B30D297}"
EndProject
Global
	GlobalSection(SolutionConfigurationPlatforms) = preSolution
		Debug|Any CPU = Debug|Any CPU
		Release|Any CPU = Release|Any CPU
	EndGlobalSection
	GlobalSection(ProjectConfigurationPlatforms) = postSolution
		{0E3ABEB4-7A1F-49F1-A87B-33692B30D297}.Debug|Any CPU.ActiveCfg = Debug|Any CPU
		{0E3ABEB4-7A1F-49F1-A87B-33692B30D297}.Debug|Any CPU.Build.0 = Debug|Any CPU
		{0E3ABEB4-7A1F-49F1-A87B-33692B30D297}.Release|Any CPU.ActiveCfg = Release|Any CPU
		{0E3ABEB4-7A1F-49F1-A87B-33692B30D297}.Release|Any CPU.Build.0 = Release|Any CPU
	EndGlobalSection
	GlobalSection(SolutionProperties) = preSolution
		HideSolutionNode = FALSE
	EndGlobalSection
	GlobalSection(ExtensibilityGlobals) = postSolution
		SolutionGuid = {FFE1B4F4-1FB0-4C09-B227-244706C63817}
	EndGlobalSection
EndGlobal
