
Microsoft Visual Studio Solution File, Format Version 12.00
# Visual Studio Version 16
VisualStudioVersion = 16.0.30523.141
MinimumVisualStudioVersion = 10.0.40219.1
Project("{FAE04EC0-301F-11D3-BF4B-00C04F79EFBC}") = "pool1.9", "pool1.9.csproj", "{5C2412F4-20BB-4E3F-AD0F-74E0681274A9}"
EndProject
Global
	GlobalSection(SolutionConfigurationPlatforms) = preSolution
		Debug|Any CPU = Debug|Any CPU
		Release|Any CPU = Release|Any CPU
	EndGlobalSection
	GlobalSection(ProjectConfigurationPlatforms) = postSolution
		{5C2412F4-20BB-4E3F-AD0F-74E0681274A9}.Debug|Any CPU.ActiveCfg = Debug|Any CPU
		{5C2412F4-20BB-4E3F-AD0F-74E0681274A9}.Debug|Any CPU.Build.0 = Debug|Any CPU
		{5C2412F4-20BB-4E3F-AD0F-74E0681274A9}.Release|Any CPU.ActiveCfg = Release|Any CPU
		{5C2412F4-20BB-4E3F-AD0F-74E0681274A9}.Release|Any CPU.Build.0 = Release|Any CPU
	EndGlobalSection
	GlobalSection(SolutionProperties) = preSolution
		HideSolutionNode = FALSE
	EndGlobalSection
	GlobalSection(ExtensibilityGlobals) = postSolution
		SolutionGuid = {45C9B29D-244B-4D1E-BB62-1721CD2DCEF2}
	EndGlobalSection
EndGlobal
