
Microsoft Visual Studio Solution File, Format Version 12.00
# Visual Studio Version 16
VisualStudioVersion = 16.0.30523.141
MinimumVisualStudioVersion = 10.0.40219.1
Project("{FAE04EC0-301F-11D3-BF4B-00C04F79EFBC}") = "pool2.4", "pool2.4.csproj", "{81D7052B-3843-4582-9164-A72232882AED}"
EndProject
Global
	GlobalSection(SolutionConfigurationPlatforms) = preSolution
		Debug|Any CPU = Debug|Any CPU
		Release|Any CPU = Release|Any CPU
	EndGlobalSection
	GlobalSection(ProjectConfigurationPlatforms) = postSolution
		{81D7052B-3843-4582-9164-A72232882AED}.Debug|Any CPU.ActiveCfg = Debug|Any CPU
		{81D7052B-3843-4582-9164-A72232882AED}.Debug|Any CPU.Build.0 = Debug|Any CPU
		{81D7052B-3843-4582-9164-A72232882AED}.Release|Any CPU.ActiveCfg = Release|Any CPU
		{81D7052B-3843-4582-9164-A72232882AED}.Release|Any CPU.Build.0 = Release|Any CPU
	EndGlobalSection
	GlobalSection(SolutionProperties) = preSolution
		HideSolutionNode = FALSE
	EndGlobalSection
	GlobalSection(ExtensibilityGlobals) = postSolution
		SolutionGuid = {FE2E439F-39CA-4114-B43F-AD3B4174FD2E}
	EndGlobalSection
EndGlobal
