
Microsoft Visual Studio Solution File, Format Version 12.00
# Visual Studio Version 16
VisualStudioVersion = 16.0.30523.141
MinimumVisualStudioVersion = 10.0.40219.1
Project("{FAE04EC0-301F-11D3-BF4B-00C04F79EFBC}") = "pool3.10", "pool3.10.csproj", "{D7D2E2C5-512F-4B37-BBD2-C5C349AC341A}"
EndProject
Global
	GlobalSection(SolutionConfigurationPlatforms) = preSolution
		Debug|Any CPU = Debug|Any CPU
		Release|Any CPU = Release|Any CPU
	EndGlobalSection
	GlobalSection(ProjectConfigurationPlatforms) = postSolution
		{D7D2E2C5-512F-4B37-BBD2-C5C349AC341A}.Debug|Any CPU.ActiveCfg = Debug|Any CPU
		{D7D2E2C5-512F-4B37-BBD2-C5C349AC341A}.Debug|Any CPU.Build.0 = Debug|Any CPU
		{D7D2E2C5-512F-4B37-BBD2-C5C349AC341A}.Release|Any CPU.ActiveCfg = Release|Any CPU
		{D7D2E2C5-512F-4B37-BBD2-C5C349AC341A}.Release|Any CPU.Build.0 = Release|Any CPU
	EndGlobalSection
	GlobalSection(SolutionProperties) = preSolution
		HideSolutionNode = FALSE
	EndGlobalSection
	GlobalSection(ExtensibilityGlobals) = postSolution
		SolutionGuid = {C46DE90E-D58F-4508-8A51-A94744E03407}
	EndGlobalSection
EndGlobal
