
Microsoft Visual Studio Solution File, Format Version 12.00
# Visual Studio Version 16
VisualStudioVersion = 16.0.30523.141
MinimumVisualStudioVersion = 10.0.40219.1
Project("{FAE04EC0-301F-11D3-BF4B-00C04F79EFBC}") = "pool2.1", "pool2.1.csproj", "{C427FA37-120F-4239-A013-EE7BBEFB2A93}"
EndProject
Global
	GlobalSection(SolutionConfigurationPlatforms) = preSolution
		Debug|Any CPU = Debug|Any CPU
		Release|Any CPU = Release|Any CPU
	EndGlobalSection
	GlobalSection(ProjectConfigurationPlatforms) = postSolution
		{C427FA37-120F-4239-A013-EE7BBEFB2A93}.Debug|Any CPU.ActiveCfg = Debug|Any CPU
		{C427FA37-120F-4239-A013-EE7BBEFB2A93}.Debug|Any CPU.Build.0 = Debug|Any CPU
		{C427FA37-120F-4239-A013-EE7BBEFB2A93}.Release|Any CPU.ActiveCfg = Release|Any CPU
		{C427FA37-120F-4239-A013-EE7BBEFB2A93}.Release|Any CPU.Build.0 = Release|Any CPU
	EndGlobalSection
	GlobalSection(SolutionProperties) = preSolution
		HideSolutionNode = FALSE
	EndGlobalSection
	GlobalSection(ExtensibilityGlobals) = postSolution
		SolutionGuid = {F49E2F4C-7F0D-41D9-AA3F-206BA0BE9230}
	EndGlobalSection
EndGlobal
