
Microsoft Visual Studio Solution File, Format Version 12.00
# Visual Studio Version 16
VisualStudioVersion = 16.0.30523.141
MinimumVisualStudioVersion = 10.0.40219.1
Project("{FAE04EC0-301F-11D3-BF4B-00C04F79EFBC}") = "pool3.22", "pool3.22.csproj", "{10D46327-67F8-4653-99DE-2AB5DE6E1EEC}"
EndProject
Global
	GlobalSection(SolutionConfigurationPlatforms) = preSolution
		Debug|Any CPU = Debug|Any CPU
		Release|Any CPU = Release|Any CPU
	EndGlobalSection
	GlobalSection(ProjectConfigurationPlatforms) = postSolution
		{10D46327-67F8-4653-99DE-2AB5DE6E1EEC}.Debug|Any CPU.ActiveCfg = Debug|Any CPU
		{10D46327-67F8-4653-99DE-2AB5DE6E1EEC}.Debug|Any CPU.Build.0 = Debug|Any CPU
		{10D46327-67F8-4653-99DE-2AB5DE6E1EEC}.Release|Any CPU.ActiveCfg = Release|Any CPU
		{10D46327-67F8-4653-99DE-2AB5DE6E1EEC}.Release|Any CPU.Build.0 = Release|Any CPU
	EndGlobalSection
	GlobalSection(SolutionProperties) = preSolution
		HideSolutionNode = FALSE
	EndGlobalSection
	GlobalSection(ExtensibilityGlobals) = postSolution
		SolutionGuid = {B724969D-9F5F-4A5F-BD61-14196B40DCFC}
	EndGlobalSection
EndGlobal
