
Microsoft Visual Studio Solution File, Format Version 12.00
# Visual Studio Version 16
VisualStudioVersion = 16.0.30523.141
MinimumVisualStudioVersion = 10.0.40219.1
Project("{FAE04EC0-301F-11D3-BF4B-00C04F79EFBC}") = "pool1.21", "pool1.21.csproj", "{977B472E-CE91-4964-BF37-89B2AD0940F6}"
EndProject
Global
	GlobalSection(SolutionConfigurationPlatforms) = preSolution
		Debug|Any CPU = Debug|Any CPU
		Release|Any CPU = Release|Any CPU
	EndGlobalSection
	GlobalSection(ProjectConfigurationPlatforms) = postSolution
		{977B472E-CE91-4964-BF37-89B2AD0940F6}.Debug|Any CPU.ActiveCfg = Debug|Any CPU
		{977B472E-CE91-4964-BF37-89B2AD0940F6}.Debug|Any CPU.Build.0 = Debug|Any CPU
		{977B472E-CE91-4964-BF37-89B2AD0940F6}.Release|Any CPU.ActiveCfg = Release|Any CPU
		{977B472E-CE91-4964-BF37-89B2AD0940F6}.Release|Any CPU.Build.0 = Release|Any CPU
	EndGlobalSection
	GlobalSection(SolutionProperties) = preSolution
		HideSolutionNode = FALSE
	EndGlobalSection
	GlobalSection(ExtensibilityGlobals) = postSolution
		SolutionGuid = {2F3585D8-69E3-46EB-A8D2-5B9AA24B16AB}
	EndGlobalSection
EndGlobal
