
Microsoft Visual Studio Solution File, Format Version 12.00
# Visual Studio Version 16
VisualStudioVersion = 16.0.30523.141
MinimumVisualStudioVersion = 10.0.40219.1
Project("{FAE04EC0-301F-11D3-BF4B-00C04F79EFBC}") = "pool2.3", "pool2.3.csproj", "{2A80D7E7-1706-4CA5-9EEA-D6EC0772524C}"
EndProject
Global
	GlobalSection(SolutionConfigurationPlatforms) = preSolution
		Debug|Any CPU = Debug|Any CPU
		Release|Any CPU = Release|Any CPU
	EndGlobalSection
	GlobalSection(ProjectConfigurationPlatforms) = postSolution
		{2A80D7E7-1706-4CA5-9EEA-D6EC0772524C}.Debug|Any CPU.ActiveCfg = Debug|Any CPU
		{2A80D7E7-1706-4CA5-9EEA-D6EC0772524C}.Debug|Any CPU.Build.0 = Debug|Any CPU
		{2A80D7E7-1706-4CA5-9EEA-D6EC0772524C}.Release|Any CPU.ActiveCfg = Release|Any CPU
		{2A80D7E7-1706-4CA5-9EEA-D6EC0772524C}.Release|Any CPU.Build.0 = Release|Any CPU
	EndGlobalSection
	GlobalSection(SolutionProperties) = preSolution
		HideSolutionNode = FALSE
	EndGlobalSection
	GlobalSection(ExtensibilityGlobals) = postSolution
		SolutionGuid = {10DF5BBD-7444-413E-8DA8-B42B8B618098}
	EndGlobalSection
EndGlobal
