
Microsoft Visual Studio Solution File, Format Version 12.00
# Visual Studio Version 16
VisualStudioVersion = 16.0.30523.141
MinimumVisualStudioVersion = 10.0.40219.1
Project("{FAE04EC0-301F-11D3-BF4B-00C04F79EFBC}") = "pool1.13", "pool1.13.csproj", "{09ABD57C-B8AD-444E-89BC-30D70B8CEC48}"
EndProject
Global
	GlobalSection(SolutionConfigurationPlatforms) = preSolution
		Debug|Any CPU = Debug|Any CPU
		Release|Any CPU = Release|Any CPU
	EndGlobalSection
	GlobalSection(ProjectConfigurationPlatforms) = postSolution
		{09ABD57C-B8AD-444E-89BC-30D70B8CEC48}.Debug|Any CPU.ActiveCfg = Debug|Any CPU
		{09ABD57C-B8AD-444E-89BC-30D70B8CEC48}.Debug|Any CPU.Build.0 = Debug|Any CPU
		{09ABD57C-B8AD-444E-89BC-30D70B8CEC48}.Release|Any CPU.ActiveCfg = Release|Any CPU
		{09ABD57C-B8AD-444E-89BC-30D70B8CEC48}.Release|Any CPU.Build.0 = Release|Any CPU
	EndGlobalSection
	GlobalSection(SolutionProperties) = preSolution
		HideSolutionNode = FALSE
	EndGlobalSection
	GlobalSection(ExtensibilityGlobals) = postSolution
		SolutionGuid = {5C535C0F-C6A3-4BA2-9E3A-0D8F37EA7716}
	EndGlobalSection
EndGlobal
