
Microsoft Visual Studio Solution File, Format Version 12.00
# Visual Studio Version 16
VisualStudioVersion = 16.0.30523.141
MinimumVisualStudioVersion = 10.0.40219.1
Project("{FAE04EC0-301F-11D3-BF4B-00C04F79EFBC}") = "pool3.14", "pool3.14.csproj", "{44E0F2A2-3C87-45A9-A864-F12BCEFC0869}"
EndProject
Global
	GlobalSection(SolutionConfigurationPlatforms) = preSolution
		Debug|Any CPU = Debug|Any CPU
		Release|Any CPU = Release|Any CPU
	EndGlobalSection
	GlobalSection(ProjectConfigurationPlatforms) = postSolution
		{44E0F2A2-3C87-45A9-A864-F12BCEFC0869}.Debug|Any CPU.ActiveCfg = Debug|Any CPU
		{44E0F2A2-3C87-45A9-A864-F12BCEFC0869}.Debug|Any CPU.Build.0 = Debug|Any CPU
		{44E0F2A2-3C87-45A9-A864-F12BCEFC0869}.Release|Any CPU.ActiveCfg = Release|Any CPU
		{44E0F2A2-3C87-45A9-A864-F12BCEFC0869}.Release|Any CPU.Build.0 = Release|Any CPU
	EndGlobalSection
	GlobalSection(SolutionProperties) = preSolution
		HideSolutionNode = FALSE
	EndGlobalSection
	GlobalSection(ExtensibilityGlobals) = postSolution
		SolutionGuid = {C11D70AA-6069-45EF-81EE-0866DE5F5B7A}
	EndGlobalSection
EndGlobal
