
Microsoft Visual Studio Solution File, Format Version 12.00
# Visual Studio Version 16
VisualStudioVersion = 16.0.30523.141
MinimumVisualStudioVersion = 10.0.40219.1
Project("{FAE04EC0-301F-11D3-BF4B-00C04F79EFBC}") = "pool3.13", "pool3.13.csproj", "{93A4B730-BC0D-410F-90AC-1AFDBD785D96}"
EndProject
Global
	GlobalSection(SolutionConfigurationPlatforms) = preSolution
		Debug|Any CPU = Debug|Any CPU
		Release|Any CPU = Release|Any CPU
	EndGlobalSection
	GlobalSection(ProjectConfigurationPlatforms) = postSolution
		{93A4B730-BC0D-410F-90AC-1AFDBD785D96}.Debug|Any CPU.ActiveCfg = Debug|Any CPU
		{93A4B730-BC0D-410F-90AC-1AFDBD785D96}.Debug|Any CPU.Build.0 = Debug|Any CPU
		{93A4B730-BC0D-410F-90AC-1AFDBD785D96}.Release|Any CPU.ActiveCfg = Release|Any CPU
		{93A4B730-BC0D-410F-90AC-1AFDBD785D96}.Release|Any CPU.Build.0 = Release|Any CPU
	EndGlobalSection
	GlobalSection(SolutionProperties) = preSolution
		HideSolutionNode = FALSE
	EndGlobalSection
	GlobalSection(ExtensibilityGlobals) = postSolution
		SolutionGuid = {74843332-3FF5-4DF7-AFE1-1447E7E5D6E9}
	EndGlobalSection
EndGlobal
