
Microsoft Visual Studio Solution File, Format Version 12.00
# Visual Studio Version 16
VisualStudioVersion = 16.0.30523.141
MinimumVisualStudioVersion = 10.0.40219.1
Project("{FAE04EC0-301F-11D3-BF4B-00C04F79EFBC}") = "pool1.5", "pool1.5.csproj", "{97EC9081-4948-4958-9EB0-0F6B1338B770}"
EndProject
Global
	GlobalSection(SolutionConfigurationPlatforms) = preSolution
		Debug|Any CPU = Debug|Any CPU
		Release|Any CPU = Release|Any CPU
	EndGlobalSection
	GlobalSection(ProjectConfigurationPlatforms) = postSolution
		{97EC9081-4948-4958-9EB0-0F6B1338B770}.Debug|Any CPU.ActiveCfg = Debug|Any CPU
		{97EC9081-4948-4958-9EB0-0F6B1338B770}.Debug|Any CPU.Build.0 = Debug|Any CPU
		{97EC9081-4948-4958-9EB0-0F6B1338B770}.Release|Any CPU.ActiveCfg = Release|Any CPU
		{97EC9081-4948-4958-9EB0-0F6B1338B770}.Release|Any CPU.Build.0 = Release|Any CPU
	EndGlobalSection
	GlobalSection(SolutionProperties) = preSolution
		HideSolutionNode = FALSE
	EndGlobalSection
	GlobalSection(ExtensibilityGlobals) = postSolution
		SolutionGuid = {41AA9236-916B-4D46-9924-ABFE5BE36A3F}
	EndGlobalSection
EndGlobal
