
Microsoft Visual Studio Solution File, Format Version 12.00
# Visual Studio Version 16
VisualStudioVersion = 16.0.30523.141
MinimumVisualStudioVersion = 10.0.40219.1
Project("{FAE04EC0-301F-11D3-BF4B-00C04F79EFBC}") = "pool3.25", "pool3.25.csproj", "{4E5952C5-BF66-4178-9608-DC06099E66EC}"
EndProject
Global
	GlobalSection(SolutionConfigurationPlatforms) = preSolution
		Debug|Any CPU = Debug|Any CPU
		Release|Any CPU = Release|Any CPU
	EndGlobalSection
	GlobalSection(ProjectConfigurationPlatforms) = postSolution
		{4E5952C5-BF66-4178-9608-DC06099E66EC}.Debug|Any CPU.ActiveCfg = Debug|Any CPU
		{4E5952C5-BF66-4178-9608-DC06099E66EC}.Debug|Any CPU.Build.0 = Debug|Any CPU
		{4E5952C5-BF66-4178-9608-DC06099E66EC}.Release|Any CPU.ActiveCfg = Release|Any CPU
		{4E5952C5-BF66-4178-9608-DC06099E66EC}.Release|Any CPU.Build.0 = Release|Any CPU
	EndGlobalSection
	GlobalSection(SolutionProperties) = preSolution
		HideSolutionNode = FALSE
	EndGlobalSection
	GlobalSection(ExtensibilityGlobals) = postSolution
		SolutionGuid = {5B16F6CD-A675-4FEC-8279-94133E377091}
	EndGlobalSection
EndGlobal
